
Microsoft Visual Studio Solution File, Format Version 12.00
# Visual Studio Version 17
VisualStudioVersion = 17.6.33829.357
MinimumVisualStudioVersion = 10.0.40219.1
Project("{8BC9CEB8-8B4A-11D0-8D11-00A0C91BC942}") = "ComputerVisionModule", "ComputerVisionModule\ComputerVisionModule.vcxproj", "{01F11572-01B1-4A0F-951B-9CD942A5B3DB}"
EndProject
Global
	GlobalSection(SolutionConfigurationPlatforms) = preSolution
		Debug|x64 = Debug|x64
		Debug|x86 = Debug|x86
		Release|x64 = Release|x64
		Release|x86 = Release|x86
	EndGlobalSection
	GlobalSection(ProjectConfigurationPlatforms) = postSolution
		{01F11572-01B1-4A0F-951B-9CD942A5B3DB}.Debug|x64.ActiveCfg = Debug|x64
		{01F11572-01B1-4A0F-951B-9CD942A5B3DB}.Debug|x64.Build.0 = Debug|x64
		{01F11572-01B1-4A0F-951B-9CD942A5B3DB}.Debug|x86.ActiveCfg = Debug|Win32
		{01F11572-01B1-4A0F-951B-9CD942A5B3DB}.Debug|x86.Build.0 = Debug|Win32
		{01F11572-01B1-4A0F-951B-9CD942A5B3DB}.Release|x64.ActiveCfg = Release|x64
		{01F11572-01B1-4A0F-951B-9CD942A5B3DB}.Release|x64.Build.0 = Release|x64
		{01F11572-01B1-4A0F-951B-9CD942A5B3DB}.Release|x86.ActiveCfg = Release|Win32
		{01F11572-01B1-4A0F-951B-9CD942A5B3DB}.Release|x86.Build.0 = Release|Win32
	EndGlobalSection
	GlobalSection(SolutionProperties) = preSolution
		HideSolutionNode = FALSE
	EndGlobalSection
	GlobalSection(ExtensibilityGlobals) = postSolution
		SolutionGuid = {44570E62-A068-4DC6-A58E-84615DE40CAE}
	EndGlobalSection
EndGlobal
